// !$*UTF8*$!
{
	archiveVersion = 1;
	classes = {
	};
	objectVersion = 77;
	objects = {

/* Begin PBXBuildFile section */
		E1802BB61E0965950285AE7C /* Foundation.framework in Frameworks */ = {isa = PBXBuildFile; fileRef = 644DD50528E4562943F11372 /* Foundation.framework */; };
		E81234560050000000000001 /* libssh2.xcframework in Frameworks */ = {isa = PBXBuildFile; fileRef = E81234560051000000000001 /* libssh2.xcframework */; };
		E81234560052000000000001 /* libcrypto.xcframework in Frameworks */ = {isa = PBXBuildFile; fileRef = E81234560053000000000001 /* libcrypto.xcframework */; };
		E81234560054000000000001 /* libssl.xcframework in Frameworks */ = {isa = PBXBuildFile; fileRef = E81234560055000000000001 /* libssl.xcframework */; };
		E81234560074000000000001 /* GhosttyTerminal in Frameworks */ = {isa = PBXBuildFile; productRef = E81234560072000000000001 /* GhosttyTerminal */; };
		E81234560075000000000001 /* GhosttyTheme in Frameworks */ = {isa = PBXBuildFile; productRef = E81234560073000000000001 /* GhosttyTheme */; };
/* End PBXBuildFile section */

/* Begin PBXContainerItemProxy section */
		0C641952B2691D4FBBFA1B54 /* PBXContainerItemProxy */ = {
			isa = PBXContainerItemProxy;
			containerPortal = E8123456000A000000000001 /* Project object */;
			proxyType = 1;
			remoteGlobalIDString = E81234560000000000000001;
			remoteInfo = SSHApp;
		};
		A1000000000000000000000A /* PBXContainerItemProxy */ = {
			isa = PBXContainerItemProxy;
			containerPortal = E8123456000A000000000001 /* Project object */;
			proxyType = 1;
			remoteGlobalIDString = E81234560000000000000001;
			remoteInfo = SSHApp;
		};
/* End PBXContainerItemProxy section */

/* Begin PBXFileReference section */
		297CA499D195786A65969DB0 /* SSHAppTests.xctest */ = {isa = PBXFileReference; explicitFileType = wrapper.cfbundle; includeInIndex = 0; path = SSHAppTests.xctest; sourceTree = BUILT_PRODUCTS_DIR; };
		644DD50528E4562943F11372 /* Foundation.framework */ = {isa = PBXFileReference; lastKnownFileType = wrapper.framework; name = Foundation.framework; path = Platforms/iPhoneOS.platform/Developer/SDKs/iPhoneOS18.0.sdk/System/Library/Frameworks/Foundation.framework; sourceTree = DEVELOPER_DIR; };
		A10000000000000000000001 /* SSHAppUITests.xctest */ = {isa = PBXFileReference; explicitFileType = wrapper.cfbundle; includeInIndex = 0; path = SSHAppUITests.xctest; sourceTree = BUILT_PRODUCTS_DIR; };
		E81234560001000000000001 /* SSHApp.app */ = {isa = PBXFileReference; explicitFileType = wrapper.application; includeInIndex = 0; path = SSHApp.app; sourceTree = BUILT_PRODUCTS_DIR; };
		E81234560051000000000001 /* libssh2.xcframework */ = {isa = PBXFileReference; lastKnownFileType = wrapper.xcframework; name = libssh2.xcframework; path = Frameworks/libssh2.xcframework; sourceTree = "<group>"; };
		E81234560053000000000001 /* libcrypto.xcframework */ = {isa = PBXFileReference; lastKnownFileType = wrapper.xcframework; name = libcrypto.xcframework; path = Frameworks/libcrypto.xcframework; sourceTree = "<group>"; };
		E81234560055000000000001 /* libssl.xcframework */ = {isa = PBXFileReference; lastKnownFileType = wrapper.xcframework; name = libssl.xcframework; path = Frameworks/libssl.xcframework; sourceTree = "<group>"; };
/* End PBXFileReference section */

/* Begin PBXFileSystemSynchronizedBuildFileExceptionSet section */
		E81234560002000000000001 /* Exceptions for "SSHApp" folder in "SSHApp" target */ = {
			isa = PBXFileSystemSynchronizedBuildFileExceptionSet;
			membershipExceptions = (
				Info.plist,
			);
			target = E81234560000000000000001 /* SSHApp */;
		};
/* End PBXFileSystemSynchronizedBuildFileExceptionSet section */

/* Begin PBXFileSystemSynchronizedRootGroup section */
		7F7CE55BA6DC990C96638535 /* SSHAppTests */ = {
			isa = PBXFileSystemSynchronizedRootGroup;
			path = SSHAppTests;
			sourceTree = "<group>";
		};
		A10000000000000000000002 /* SSHAppUITests */ = {
			isa = PBXFileSystemSynchronizedRootGroup;
			path = SSHAppUITests;
			sourceTree = "<group>";
		};
		E81234560003000000000001 /* SSHApp */ = {
			isa = PBXFileSystemSynchronizedRootGroup;
			exceptions = (
				E81234560002000000000001 /* Exceptions for "SSHApp" folder in "SSHApp" target */,
			);
			path = SSHApp;
			sourceTree = "<group>";
		};
/* End PBXFileSystemSynchronizedRootGroup section */

/* Begin PBXFrameworksBuildPhase section */
		01F0F73D5E74C35669383C84 /* Frameworks */ = {
			isa = PBXFrameworksBuildPhase;
			buildActionMask = 2147483647;
			files = (
				E1802BB61E0965950285AE7C /* Foundation.framework in Frameworks */,
			);
			runOnlyForDeploymentPostprocessing = 0;
		};
		A10000000000000000000005 /* Frameworks */ = {
			isa = PBXFrameworksBuildPhase;
			buildActionMask = 2147483647;
			files = (
			);
			runOnlyForDeploymentPostprocessing = 0;
		};
		E81234560004000000000001 /* Frameworks */ = {
			isa = PBXFrameworksBuildPhase;
			buildActionMask = 2147483647;
			files = (
				E81234560074000000000001 /* GhosttyTerminal in Frameworks */,
				E81234560075000000000001 /* GhosttyTheme in Frameworks */,
				E81234560050000000000001 /* libssh2.xcframework in Frameworks */,
				E81234560052000000000001 /* libcrypto.xcframework in Frameworks */,
				E81234560054000000000001 /* libssl.xcframework in Frameworks */,
			);
			runOnlyForDeploymentPostprocessing = 0;
		};
/* End PBXFrameworksBuildPhase section */

/* Begin PBXGroup section */
		D87258F82DAA719D3CD1E036 /* iOS */ = {
			isa = PBXGroup;
			children = (
				644DD50528E4562943F11372 /* Foundation.framework */,
			);
			name = iOS;
			sourceTree = "<group>";
		};
		E81234560005000000000001 = {
			isa = PBXGroup;
			children = (
				E81234560003000000000001 /* SSHApp */,
				E81234560060000000000001 /* Frameworks */,
				E81234560006000000000001 /* Products */,
				7F7CE55BA6DC990C96638535 /* SSHAppTests */,
				A10000000000000000000002 /* SSHAppUITests */,
			);
			sourceTree = "<group>";
		};
		E81234560006000000000001 /* Products */ = {
			isa = PBXGroup;
			children = (
				E81234560001000000000001 /* SSHApp.app */,
				297CA499D195786A65969DB0 /* SSHAppTests.xctest */,
				A10000000000000000000001 /* SSHAppUITests.xctest */,
			);
			name = Products;
			sourceTree = "<group>";
		};
		E81234560060000000000001 /* Frameworks */ = {
			isa = PBXGroup;
			children = (
				E81234560051000000000001 /* libssh2.xcframework */,
				E81234560053000000000001 /* libcrypto.xcframework */,
				E81234560055000000000001 /* libssl.xcframework */,
				D87258F82DAA719D3CD1E036 /* iOS */,
			);
			name = Frameworks;
			sourceTree = "<group>";
		};
/* End PBXGroup section */

/* Begin PBXNativeTarget section */
		8EF99C9A67260F7D1CF03335 /* SSHAppTests */ = {
			isa = PBXNativeTarget;
			buildConfigurationList = C7E36A2DE01B6183860626C8 /* Build configuration list for PBXNativeTarget "SSHAppTests" */;
			buildPhases = (
				56931189D0A85ECA42120812 /* Sources */,
				01F0F73D5E74C35669383C84 /* Frameworks */,
				FE341416CA95292FAA0D92BC /* Resources */,
			);
			buildRules = (
			);
			dependencies = (
				277CDF662F0F64AB9A5B2724 /* PBXTargetDependency */,
			);
			fileSystemSynchronizedGroups = (
				7F7CE55BA6DC990C96638535 /* SSHAppTests */,
			);
			name = SSHAppTests;
			productName = SSHAppTests;
			productReference = 297CA499D195786A65969DB0 /* SSHAppTests.xctest */;
			productType = "com.apple.product-type.bundle.unit-test";
		};
		A10000000000000000000003 /* SSHAppUITests */ = {
			isa = PBXNativeTarget;
			buildConfigurationList = A10000000000000000000007 /* Build configuration list for PBXNativeTarget "SSHAppUITests" */;
			buildPhases = (
				A10000000000000000000004 /* Sources */,
				A10000000000000000000005 /* Frameworks */,
				A10000000000000000000006 /* Resources */,
			);
			buildRules = (
			);
			dependencies = (
				A1000000000000000000000B /* PBXTargetDependency */,
			);
			fileSystemSynchronizedGroups = (
				A10000000000000000000002 /* SSHAppUITests */,
			);
			name = SSHAppUITests;
			productName = SSHAppUITests;
			productReference = A10000000000000000000001 /* SSHAppUITests.xctest */;
			productType = "com.apple.product-type.bundle.ui-testing";
		};
		E81234560000000000000001 /* SSHApp */ = {
			isa = PBXNativeTarget;
			buildConfigurationList = E81234560007000000000001 /* Build configuration list for PBXNativeTarget "SSHApp" */;
			buildPhases = (
				E81234560043000000000001 /* Build Ghostty */,
				E81234560041000000000001 /* Build libssh2 */,
				E81234560008000000000001 /* Sources */,
				E81234560004000000000001 /* Frameworks */,
				E81234560009000000000001 /* Resources */,
				E81234560042000000000001 /* Embed build metadata */,
			);
			buildRules = (
			);
			dependencies = (
			);
			fileSystemSynchronizedGroups = (
				E81234560003000000000001 /* SSHApp */,
			);
			name = SSHApp;
			packageProductDependencies = (
				E81234560072000000000001 /* GhosttyTerminal */,
				E81234560073000000000001 /* GhosttyTheme */,
			);
			productName = SSHApp;
			productReference = E81234560001000000000001 /* SSHApp.app */;
			productType = "com.apple.product-type.application";
		};
/* End PBXNativeTarget section */

/* Begin PBXProject section */
		E8123456000A000000000001 /* Project object */ = {
			isa = PBXProject;
			attributes = {
				BuildIndependentTargetsInParallel = 1;
				LastSwiftUpdateCheck = 1620;
				LastUpgradeCheck = 2620;
				TargetAttributes = {
					A10000000000000000000003 = {
						CreatedOnToolsVersion = 16.2;
					};
					E81234560000000000000001 = {
						CreatedOnToolsVersion = 16.2;
					};
				};
			};
			buildConfigurationList = E8123456000B000000000001 /* Build configuration list for PBXProject "SSHApp" */;
			developmentRegion = en;
			hasScannedForEncodings = 0;
			knownRegions = (
				en,
				Base,
			);
			mainGroup = E81234560005000000000001;
			minimizedProjectReferenceProxies = 1;
			packageReferences = (
				9D300A4A2FF43A2400CC2560 /* XCLocalSwiftPackageReference "Packages/SSHAppGhostty" */,
			);
			preferredProjectObjectVersion = 77;
			productRefGroup = E81234560006000000000001 /* Products */;
			projectDirPath = "";
			projectRoot = "";
			targets = (
				E81234560000000000000001 /* SSHApp */,
				8EF99C9A67260F7D1CF03335 /* SSHAppTests */,
				A10000000000000000000003 /* SSHAppUITests */,
			);
		};
/* End PBXProject section */

/* Begin PBXResourcesBuildPhase section */
		A10000000000000000000006 /* Resources */ = {
			isa = PBXResourcesBuildPhase;
			buildActionMask = 2147483647;
			files = (
			);
			runOnlyForDeploymentPostprocessing = 0;
		};
		E81234560009000000000001 /* Resources */ = {
			isa = PBXResourcesBuildPhase;
			buildActionMask = 2147483647;
			files = (
			);
			runOnlyForDeploymentPostprocessing = 0;
		};
		FE341416CA95292FAA0D92BC /* Resources */ = {
			isa = PBXResourcesBuildPhase;
			buildActionMask = 2147483647;
			files = (
			);
			runOnlyForDeploymentPostprocessing = 0;
		};
/* End PBXResourcesBuildPhase section */

/* Begin PBXShellScriptBuildPhase section */
		E81234560041000000000001 /* Build libssh2 */ = {
			isa = PBXShellScriptBuildPhase;
			alwaysOutOfDate = 1;
			buildActionMask = 2147483647;
			files = (
			);
			inputPaths = (
			);
			name = "Build libssh2";
			outputPaths = (
			);
			runOnlyForDeploymentPostprocessing = 0;
			shellPath = /bin/bash;
			shellScript = "# Build libssh2 + OpenSSL xcframeworks if they don't exist.\nset -euo pipefail\n\nXCFW=\"${PROJECT_DIR}/Frameworks/libssh2.xcframework\"\nif [ -d \"$XCFW\" ]; then\n    echo \"note: libssh2.xcframework already exists, skipping build\"\n    exit 0\nfi\n\necho \"warning: libssh2.xcframework not found — building from source...\"\n\nif ! command -v cmake &>/dev/null; then\n    echo \"error: cmake not found. Install: brew install cmake\"\n    exit 1\nfi\n\n\"${PROJECT_DIR}/scripts/build-libssh2.sh\"\n";
		};
		E81234560042000000000001 /* Embed build metadata */ = {
			isa = PBXShellScriptBuildPhase;
			alwaysOutOfDate = 1;
			buildActionMask = 2147483647;
			files = (
			);
			inputPaths = (
			);
			name = "Embed build metadata";
			outputPaths = (
			);
			runOnlyForDeploymentPostprocessing = 0;
			shellPath = /bin/bash;
			shellScript = "bash \"${PROJECT_DIR}/scripts/embed-build-metadata.sh\"\n";
		};
		E81234560043000000000001 /* Build Ghostty */ = {
			isa = PBXShellScriptBuildPhase;
			alwaysOutOfDate = 1;
			buildActionMask = 2147483647;
			files = (
			);
			inputPaths = (
			);
			name = "Build Ghostty";
			outputPaths = (
			);
			runOnlyForDeploymentPostprocessing = 0;
			shellPath = /bin/bash;
			shellScript = "# Build GhosttyKit.xcframework if it does not exist.\nset -euo pipefail\n\nXCFW=\"${PROJECT_DIR}/Frameworks/GhosttyKit.xcframework\"\nif [ -d \"$XCFW\" ]; then\n    echo \"note: GhosttyKit.xcframework already exists, skipping build\"\n    exit 0\nfi\n\necho \"warning: GhosttyKit.xcframework not found — building from source...\"\n\nZIG_BIN=\"${ZIG:-zig}\"\nif ! command -v \"$ZIG_BIN\" &>/dev/null; then\n    echo \"error: zig not found. Install Zig before building Ghostty.\"\n    exit 1\nfi\n\n\"${PROJECT_DIR}/scripts/build-ghostty-ios.sh\"\n";
		};
/* End PBXShellScriptBuildPhase section */

/* Begin PBXSourcesBuildPhase section */
		56931189D0A85ECA42120812 /* Sources */ = {
			isa = PBXSourcesBuildPhase;
			buildActionMask = 2147483647;
			files = (
			);
			runOnlyForDeploymentPostprocessing = 0;
		};
		A10000000000000000000004 /* Sources */ = {
			isa = PBXSourcesBuildPhase;
			buildActionMask = 2147483647;
			files = (
			);
			runOnlyForDeploymentPostprocessing = 0;
		};
		E81234560008000000000001 /* Sources */ = {
			isa = PBXSourcesBuildPhase;
			buildActionMask = 2147483647;
			files = (
			);
			runOnlyForDeploymentPostprocessing = 0;
		};
/* End PBXSourcesBuildPhase section */

/* Begin PBXTargetDependency section */
		277CDF662F0F64AB9A5B2724 /* PBXTargetDependency */ = {
			isa = PBXTargetDependency;
			name = SSHApp;
			target = E81234560000000000000001 /* SSHApp */;
			targetProxy = 0C641952B2691D4FBBFA1B54 /* PBXContainerItemProxy */;
		};
		A1000000000000000000000B /* PBXTargetDependency */ = {
			isa = PBXTargetDependency;
			name = SSHApp;
			target = E81234560000000000000001 /* SSHApp */;
			targetProxy = A1000000000000000000000A /* PBXContainerItemProxy */;
		};
/* End PBXTargetDependency section */

/* Begin XCBuildConfiguration section */
		97D7C1F2309FA427B1ABF50B /* Debug */ = {
			isa = XCBuildConfiguration;
			buildSettings = {
				BUNDLE_LOADER = "$(TEST_HOST)";
				CLANG_ENABLE_OBJC_WEAK = NO;
				CODE_SIGN_STYLE = Automatic;
				CURRENT_PROJECT_VERSION = 1;
				GENERATE_INFOPLIST_FILE = YES;
				IPHONEOS_DEPLOYMENT_TARGET = 18.0;
				MARKETING_VERSION = 1.0;
				PRODUCT_BUNDLE_IDENTIFIER = dev.sshapp.sshappTests;
				PRODUCT_NAME = "$(TARGET_NAME)";
				SDKROOT = iphoneos;
				SWIFT_EMIT_LOC_STRINGS = NO;
				SWIFT_INCLUDE_PATHS = "$(inherited) $(PROJECT_DIR)/SSHApp/SSH/CSSH2";
				SWIFT_VERSION = 6.0;
				TARGETED_DEVICE_FAMILY = "1,2";
				TEST_HOST = "$(BUILT_PRODUCTS_DIR)/SSHApp.app/$(BUNDLE_EXECUTABLE_FOLDER_PATH)/SSHApp";
			};
			name = Debug;
		};
		A10000000000000000000008 /* Debug */ = {
			isa = XCBuildConfiguration;
			buildSettings = {
				CODE_SIGN_STYLE = Automatic;
				CURRENT_PROJECT_VERSION = 1;
				DEVELOPMENT_TEAM = M6P3423NZS;
				GENERATE_INFOPLIST_FILE = YES;
				IPHONEOS_DEPLOYMENT_TARGET = 18.0;
				MARKETING_VERSION = 1.0;
				PRODUCT_BUNDLE_IDENTIFIER = dev.sshapp.sshappUITests;
				PRODUCT_NAME = "$(TARGET_NAME)";
				SDKROOT = iphoneos;
				SWIFT_EMIT_LOC_STRINGS = NO;
				SWIFT_VERSION = 6.0;
				TARGETED_DEVICE_FAMILY = "1,2";
				TEST_TARGET_NAME = SSHApp;
			};
			name = Debug;
		};
		A10000000000000000000009 /* Release */ = {
			isa = XCBuildConfiguration;
			buildSettings = {
				CODE_SIGN_STYLE = Automatic;
				CURRENT_PROJECT_VERSION = 1;
				DEVELOPMENT_TEAM = M6P3423NZS;
				GENERATE_INFOPLIST_FILE = YES;
				IPHONEOS_DEPLOYMENT_TARGET = 18.0;
				MARKETING_VERSION = 1.0;
				PRODUCT_BUNDLE_IDENTIFIER = dev.sshapp.sshappUITests;
				PRODUCT_NAME = "$(TARGET_NAME)";
				SDKROOT = iphoneos;
				SWIFT_EMIT_LOC_STRINGS = NO;
				SWIFT_VERSION = 6.0;
				TARGETED_DEVICE_FAMILY = "1,2";
				TEST_TARGET_NAME = SSHApp;
				VALIDATE_PRODUCT = YES;
			};
			name = Release;
		};
		E8123456000C000000000001 /* Debug */ = {
			isa = XCBuildConfiguration;
			buildSettings = {
				ALWAYS_SEARCH_USER_PATHS = NO;
				ASSETCATALOG_COMPILER_GENERATE_SWIFT_ASSET_SYMBOL_EXTENSIONS = YES;
				CLANG_ANALYZER_NONNULL = YES;
				CLANG_ANALYZER_NUMBER_OBJECT_CONVERSION = YES_AGGRESSIVE;
				CLANG_CXX_LANGUAGE_STANDARD = "gnu++20";
				CLANG_ENABLE_MODULES = YES;
				CLANG_ENABLE_OBJC_ARC = YES;
				CLANG_ENABLE_OBJC_WEAK = YES;
				CLANG_WARN_BLOCK_CAPTURE_AUTORELEASING = YES;
				CLANG_WARN_BOOL_CONVERSION = YES;
				CLANG_WARN_COMMA = YES;
				CLANG_WARN_CONSTANT_CONVERSION = YES;
				CLANG_WARN_DEPRECATED_OBJC_IMPLEMENTATIONS = YES;
				CLANG_WARN_DIRECT_OBJC_ISA_USAGE = YES_ERROR;
				CLANG_WARN_DOCUMENTATION_COMMENTS = YES;
				CLANG_WARN_EMPTY_BODY = YES;
				CLANG_WARN_ENUM_CONVERSION = YES;
				CLANG_WARN_INFINITE_RECURSION = YES;
				CLANG_WARN_INT_CONVERSION = YES;
				CLANG_WARN_NON_LITERAL_NULL_CONVERSION = YES;
				CLANG_WARN_OBJC_IMPLICIT_RETAIN_SELF = YES;
				CLANG_WARN_OBJC_LITERAL_CONVERSION = YES;
				CLANG_WARN_OBJC_ROOT_CLASS = YES_ERROR;
				CLANG_WARN_QUOTED_INCLUDE_IN_FRAMEWORK_HEADER = YES;
				CLANG_WARN_RANGE_LOOP_ANALYSIS = YES;
				CLANG_WARN_STRICT_PROTOTYPES = YES;
				CLANG_WARN_SUSPICIOUS_MOVE = YES;
				CLANG_WARN_UNGUARDED_AVAILABILITY = YES_AGGRESSIVE;
				CLANG_WARN_UNREACHABLE_CODE = YES;
				CLANG_WARN__DUPLICATE_METHOD_MATCH = YES;
				COPY_PHASE_STRIP = NO;
				DEBUG_INFORMATION_FORMAT = dwarf;
				ENABLE_STRICT_OBJC_MSGSEND = YES;
				ENABLE_TESTABILITY = YES;
				ENABLE_USER_SCRIPT_SANDBOXING = NO;
				GCC_C_LANGUAGE_STANDARD = gnu17;
				GCC_DYNAMIC_NO_PIC = NO;
				GCC_NO_COMMON_BLOCKS = YES;
				GCC_OPTIMIZATION_LEVEL = 0;
				GCC_PREPROCESSOR_DEFINITIONS = (
					"DEBUG=1",
					"$(inherited)",
				);
				GCC_WARN_64_TO_32_BIT_CONVERSION = YES;
				GCC_WARN_ABOUT_RETURN_TYPE = YES_ERROR;
				GCC_WARN_UNDECLARED_SELECTOR = YES;
				GCC_WARN_UNINITIALIZED_AUTOS = YES_AGGRESSIVE;
				GCC_WARN_UNUSED_FUNCTION = YES;
				GCC_WARN_UNUSED_VARIABLE = YES;
				IPHONEOS_DEPLOYMENT_TARGET = 18.0;
				LOCALIZATION_PREFERS_STRING_CATALOGS = YES;
				MTL_ENABLE_DEBUG_INFO = INCLUDE_SOURCE;
				MTL_FAST_MATH = YES;
				ONLY_ACTIVE_ARCH = YES;
				SDKROOT = iphoneos;
				STRING_CATALOG_GENERATE_SYMBOLS = YES;
				SWIFT_ACTIVE_COMPILATION_CONDITIONS = "DEBUG $(inherited)";
				SWIFT_OPTIMIZATION_LEVEL = "-Onone";
			};
			name = Debug;
		};
		E8123456000D000000000001 /* Release */ = {
			isa = XCBuildConfiguration;
			buildSettings = {
				ALWAYS_SEARCH_USER_PATHS = NO;
				ASSETCATALOG_COMPILER_GENERATE_SWIFT_ASSET_SYMBOL_EXTENSIONS = YES;
				CLANG_ANALYZER_NONNULL = YES;
				CLANG_ANALYZER_NUMBER_OBJECT_CONVERSION = YES_AGGRESSIVE;
				CLANG_CXX_LANGUAGE_STANDARD = "gnu++20";
				CLANG_ENABLE_MODULES = YES;
				CLANG_ENABLE_OBJC_ARC = YES;
				CLANG_ENABLE_OBJC_WEAK = YES;
				CLANG_WARN_BLOCK_CAPTURE_AUTORELEASING = YES;
				CLANG_WARN_BOOL_CONVERSION = YES;
				CLANG_WARN_COMMA = YES;
				CLANG_WARN_CONSTANT_CONVERSION = YES;
				CLANG_WARN_DEPRECATED_OBJC_IMPLEMENTATIONS = YES;
				CLANG_WARN_DIRECT_OBJC_ISA_USAGE = YES_ERROR;
				CLANG_WARN_DOCUMENTATION_COMMENTS = YES;
				CLANG_WARN_EMPTY_BODY = YES;
				CLANG_WARN_ENUM_CONVERSION = YES;
				CLANG_WARN_INFINITE_RECURSION = YES;
				CLANG_WARN_INT_CONVERSION = YES;
				CLANG_WARN_NON_LITERAL_NULL_CONVERSION = YES;
				CLANG_WARN_OBJC_IMPLICIT_RETAIN_SELF = YES;
				CLANG_WARN_OBJC_LITERAL_CONVERSION = YES;
				CLANG_WARN_OBJC_ROOT_CLASS = YES_ERROR;
				CLANG_WARN_QUOTED_INCLUDE_IN_FRAMEWORK_HEADER = YES;
				CLANG_WARN_RANGE_LOOP_ANALYSIS = YES;
				CLANG_WARN_STRICT_PROTOTYPES = YES;
				CLANG_WARN_SUSPICIOUS_MOVE = YES;
				CLANG_WARN_UNGUARDED_AVAILABILITY = YES_AGGRESSIVE;
				CLANG_WARN_UNREACHABLE_CODE = YES;
				CLANG_WARN__DUPLICATE_METHOD_MATCH = YES;
				COPY_PHASE_STRIP = NO;
				DEBUG_INFORMATION_FORMAT = "dwarf-with-dsym";
				ENABLE_NS_ASSERTIONS = NO;
				ENABLE_STRICT_OBJC_MSGSEND = YES;
				ENABLE_USER_SCRIPT_SANDBOXING = NO;
				GCC_C_LANGUAGE_STANDARD = gnu17;
				GCC_NO_COMMON_BLOCKS = YES;
				GCC_WARN_64_TO_32_BIT_CONVERSION = YES;
				GCC_WARN_ABOUT_RETURN_TYPE = YES_ERROR;
				GCC_WARN_UNDECLARED_SELECTOR = YES;
				GCC_WARN_UNINITIALIZED_AUTOS = YES_AGGRESSIVE;
				GCC_WARN_UNUSED_FUNCTION = YES;
				GCC_WARN_UNUSED_VARIABLE = YES;
				IPHONEOS_DEPLOYMENT_TARGET = 18.0;
				LOCALIZATION_PREFERS_STRING_CATALOGS = YES;
				MTL_ENABLE_DEBUG_INFO = NO;
				MTL_FAST_MATH = YES;
				SDKROOT = iphoneos;
				STRING_CATALOG_GENERATE_SYMBOLS = YES;
				SWIFT_COMPILATION_MODE = wholemodule;
				VALIDATE_PRODUCT = YES;
			};
			name = Release;
		};
		E8123456000E000000000001 /* Debug */ = {
			isa = XCBuildConfiguration;
			buildSettings = {
				ASSETCATALOG_COMPILER_APPICON_NAME = AppIcon;
				ASSETCATALOG_COMPILER_GLOBAL_ACCENT_COLOR_NAME = AccentColor;
				CODE_SIGN_ENTITLEMENTS = SSHApp/SSHApp.entitlements;
				CODE_SIGN_STYLE = Automatic;
				CURRENT_PROJECT_VERSION = 1;
				DEVELOPMENT_TEAM = M6P3423NZS;
				ENABLE_PREVIEWS = YES;
				FRAMEWORK_SEARCH_PATHS = (
					"$(inherited)",
					"$(PROJECT_DIR)/Frameworks",
				);
				GENERATE_INFOPLIST_FILE = YES;
				HEADER_SEARCH_PATHS = (
					"$(inherited)",
					"$(PROJECT_DIR)/vendor/libssh2/include",
				);
				INFOPLIST_FILE = SSHApp/Info.plist;
				INFOPLIST_KEY_CFBundleDisplayName = "SSH App";
				INFOPLIST_KEY_ITSAppUsesNonExemptEncryption = NO;
				INFOPLIST_KEY_LSApplicationCategoryType = "public.app-category.developer-tools";
				INFOPLIST_KEY_NSLocalNetworkUsageDescription = "SSH App connects to SSH servers, which often live on your local network.";
				INFOPLIST_KEY_UIApplicationSceneManifest_Generation = YES;
				INFOPLIST_KEY_UIApplicationSupportsIndirectInputEvents = YES;
				INFOPLIST_KEY_UILaunchScreen_Generation = YES;
				INFOPLIST_KEY_UISupportedInterfaceOrientations = "UIInterfaceOrientationLandscapeLeft UIInterfaceOrientationLandscapeRight UIInterfaceOrientationPortrait UIInterfaceOrientationPortraitUpsideDown";
				LD_RUNPATH_SEARCH_PATHS = (
					"$(inherited)",
					"@executable_path/Frameworks",
				);
				MARKETING_VERSION = 0.0.20;
				OTHER_LDFLAGS = "$(inherited)";
				PRODUCT_BUNDLE_IDENTIFIER = dev.sshapp.sshapp;
				PRODUCT_NAME = "$(TARGET_NAME)";
				SWIFT_EMIT_LOC_STRINGS = YES;
				SWIFT_INCLUDE_PATHS = "$(inherited) $(PROJECT_DIR)/SSHApp/SSH/CSSH2";
				SWIFT_OBJC_BRIDGING_HEADER = "SSHApp/SSHApp-Bridging-Header.h";
				SWIFT_VERSION = 6.0;
				TARGETED_DEVICE_FAMILY = "1,2";
			};
			name = Debug;
		};
		E8123456000F000000000001 /* Release */ = {
			isa = XCBuildConfiguration;
			buildSettings = {
				ASSETCATALOG_COMPILER_APPICON_NAME = AppIcon;
				ASSETCATALOG_COMPILER_GLOBAL_ACCENT_COLOR_NAME = AccentColor;
				CODE_SIGN_ENTITLEMENTS = SSHApp/SSHApp.entitlements;
				CODE_SIGN_STYLE = Automatic;
				CURRENT_PROJECT_VERSION = 1;
				DEVELOPMENT_TEAM = M6P3423NZS;
				ENABLE_PREVIEWS = YES;
				FRAMEWORK_SEARCH_PATHS = (
					"$(inherited)",
					"$(PROJECT_DIR)/Frameworks",
				);
				GENERATE_INFOPLIST_FILE = YES;
				HEADER_SEARCH_PATHS = (
					"$(inherited)",
					"$(PROJECT_DIR)/vendor/libssh2/include",
				);
				INFOPLIST_FILE = SSHApp/Info.plist;
				INFOPLIST_KEY_CFBundleDisplayName = "SSH App";
				INFOPLIST_KEY_ITSAppUsesNonExemptEncryption = NO;
				INFOPLIST_KEY_LSApplicationCategoryType = "public.app-category.developer-tools";
				INFOPLIST_KEY_NSLocalNetworkUsageDescription = "SSH App connects to SSH servers, which often live on your local network.";
				INFOPLIST_KEY_UIApplicationSceneManifest_Generation = YES;
				INFOPLIST_KEY_UIApplicationSupportsIndirectInputEvents = YES;
				INFOPLIST_KEY_UILaunchScreen_Generation = YES;
				INFOPLIST_KEY_UISupportedInterfaceOrientations = "UIInterfaceOrientationLandscapeLeft UIInterfaceOrientationLandscapeRight UIInterfaceOrientationPortrait UIInterfaceOrientationPortraitUpsideDown";
				LD_RUNPATH_SEARCH_PATHS = (
					"$(inherited)",
					"@executable_path/Frameworks",
				);
				MARKETING_VERSION = 0.0.20;
				OTHER_LDFLAGS = "$(inherited)";
				PRODUCT_BUNDLE_IDENTIFIER = dev.sshapp.sshapp;
				PRODUCT_NAME = "$(TARGET_NAME)";
				SWIFT_EMIT_LOC_STRINGS = YES;
				SWIFT_INCLUDE_PATHS = "$(inherited) $(PROJECT_DIR)/SSHApp/SSH/CSSH2";
				SWIFT_OBJC_BRIDGING_HEADER = "SSHApp/SSHApp-Bridging-Header.h";
				SWIFT_VERSION = 6.0;
				TARGETED_DEVICE_FAMILY = "1,2";
			};
			name = Release;
		};
		E945B6881B078F2856345355 /* Release */ = {
			isa = XCBuildConfiguration;
			buildSettings = {
				BUNDLE_LOADER = "$(TEST_HOST)";
				CLANG_ENABLE_OBJC_WEAK = NO;
				CODE_SIGN_STYLE = Automatic;
				CURRENT_PROJECT_VERSION = 1;
				GENERATE_INFOPLIST_FILE = YES;
				IPHONEOS_DEPLOYMENT_TARGET = 18.0;
				MARKETING_VERSION = 1.0;
				PRODUCT_BUNDLE_IDENTIFIER = dev.sshapp.sshappTests;
				PRODUCT_NAME = "$(TARGET_NAME)";
				SDKROOT = iphoneos;
				SWIFT_EMIT_LOC_STRINGS = NO;
				SWIFT_INCLUDE_PATHS = "$(inherited) $(PROJECT_DIR)/SSHApp/SSH/CSSH2";
				SWIFT_VERSION = 6.0;
				TARGETED_DEVICE_FAMILY = "1,2";
				TEST_HOST = "$(BUILT_PRODUCTS_DIR)/SSHApp.app/$(BUNDLE_EXECUTABLE_FOLDER_PATH)/SSHApp";
				VALIDATE_PRODUCT = YES;
			};
			name = Release;
		};
/* End XCBuildConfiguration section */

/* Begin XCConfigurationList section */
		A10000000000000000000007 /* Build configuration list for PBXNativeTarget "SSHAppUITests" */ = {
			isa = XCConfigurationList;
			buildConfigurations = (
				A10000000000000000000009 /* Release */,
				A10000000000000000000008 /* Debug */,
			);
			defaultConfigurationIsVisible = 0;
			defaultConfigurationName = Release;
		};
		C7E36A2DE01B6183860626C8 /* Build configuration list for PBXNativeTarget "SSHAppTests" */ = {
			isa = XCConfigurationList;
			buildConfigurations = (
				E945B6881B078F2856345355 /* Release */,
				97D7C1F2309FA427B1ABF50B /* Debug */,
			);
			defaultConfigurationIsVisible = 0;
			defaultConfigurationName = Release;
		};
		E81234560007000000000001 /* Build configuration list for PBXNativeTarget "SSHApp" */ = {
			isa = XCConfigurationList;
			buildConfigurations = (
				E8123456000E000000000001 /* Debug */,
				E8123456000F000000000001 /* Release */,
			);
			defaultConfigurationIsVisible = 0;
			defaultConfigurationName = Release;
		};
		E8123456000B000000000001 /* Build configuration list for PBXProject "SSHApp" */ = {
			isa = XCConfigurationList;
			buildConfigurations = (
				E8123456000C000000000001 /* Debug */,
				E8123456000D000000000001 /* Release */,
			);
			defaultConfigurationIsVisible = 0;
			defaultConfigurationName = Release;
		};
/* End XCConfigurationList section */

/* Begin XCLocalSwiftPackageReference section */
		9D300A4A2FF43A2400CC2560 /* XCLocalSwiftPackageReference "Packages/SSHAppGhostty" */ = {
			isa = XCLocalSwiftPackageReference;
			relativePath = Packages/SSHAppGhostty;
		};
/* End XCLocalSwiftPackageReference section */

/* Begin XCSwiftPackageProductDependency section */
		E81234560072000000000001 /* GhosttyTerminal */ = {
			isa = XCSwiftPackageProductDependency;
			package = 9D300A4A2FF43A2400CC2560 /* XCLocalSwiftPackageReference "Packages/SSHAppGhostty" */;
			productName = GhosttyTerminal;
		};
		E81234560073000000000001 /* GhosttyTheme */ = {
			isa = XCSwiftPackageProductDependency;
			package = 9D300A4A2FF43A2400CC2560 /* XCLocalSwiftPackageReference "Packages/SSHAppGhostty" */;
			productName = GhosttyTheme;
		};
/* End XCSwiftPackageProductDependency section */
	};
	rootObject = E8123456000A000000000001 /* Project object */;
}
